
Microsoft Visual Studio Solution File, Format Version 12.00
Project("{FAE04EC0-301F-11D3-BF4B-00C04F79EFBC}") = "ConsoleApp", "ConsoleApp\ConsoleApp.csproj", "{BBD4CE82-846E-4E05-8802-4B87E116EBF9}"
EndProject
Project("{FAE04EC0-301F-11D3-BF4B-00C04F79EFBC}") = "MenuSystem", "MenuSystem\MenuSystem.csproj", "{BE58DC79-3E50-40B3-96CA-617E931EA5CB}"
EndProject
Project("{2150E333-8FDC-42A3-9474-1A3956D46DE8}") = "!Solution items", "!Solution items", "{3C7329DC-F12A-481A-95A5-9B84BA624A5E}"
	ProjectSection(SolutionItems) = preProject
		Directory.Build.props = Directory.Build.props
		README.md = README.md
	EndProjectSection
EndProject
Project("{FAE04EC0-301F-11D3-BF4B-00C04F79EFBC}") = "GameBrain", "GameBrain\GameBrain.csproj", "{994AA780-433A-4AE8-9573-6FCF0A67E1E8}"
EndProject
Project("{FAE04EC0-301F-11D3-BF4B-00C04F79EFBC}") = "ConsoleUI", "ConsoleUI\ConsoleUI.csproj", "{2B278DCC-9E90-463F-B2F8-42432F7BD16B}"
EndProject
Project("{FAE04EC0-301F-11D3-BF4B-00C04F79EFBC}") = "DAL", "DAL\DAL.csproj", "{A46511BB-7072-4802-90E1-55C1342634B9}"
EndProject
Project("{FAE04EC0-301F-11D3-BF4B-00C04F79EFBC}") = "Domain", "Domain\Domain.csproj", "{2609A3DD-B39B-420D-8046-69AC3F8169A2}"
EndProject
Global
	GlobalSection(SolutionConfigurationPlatforms) = preSolution
		Debug|Any CPU = Debug|Any CPU
		Release|Any CPU = Release|Any CPU
	EndGlobalSection
	GlobalSection(ProjectConfigurationPlatforms) = postSolution
		{BBD4CE82-846E-4E05-8802-4B87E116EBF9}.Debug|Any CPU.ActiveCfg = Debug|Any CPU
		{BBD4CE82-846E-4E05-8802-4B87E116EBF9}.Debug|Any CPU.Build.0 = Debug|Any CPU
		{BBD4CE82-846E-4E05-8802-4B87E116EBF9}.Release|Any CPU.ActiveCfg = Release|Any CPU
		{BBD4CE82-846E-4E05-8802-4B87E116EBF9}.Release|Any CPU.Build.0 = Release|Any CPU
		{BE58DC79-3E50-40B3-96CA-617E931EA5CB}.Debug|Any CPU.ActiveCfg = Debug|Any CPU
		{BE58DC79-3E50-40B3-96CA-617E931EA5CB}.Debug|Any CPU.Build.0 = Debug|Any CPU
		{BE58DC79-3E50-40B3-96CA-617E931EA5CB}.Release|Any CPU.ActiveCfg = Release|Any CPU
		{BE58DC79-3E50-40B3-96CA-617E931EA5CB}.Release|Any CPU.Build.0 = Release|Any CPU
		{994AA780-433A-4AE8-9573-6FCF0A67E1E8}.Debug|Any CPU.ActiveCfg = Debug|Any CPU
		{994AA780-433A-4AE8-9573-6FCF0A67E1E8}.Debug|Any CPU.Build.0 = Debug|Any CPU
		{994AA780-433A-4AE8-9573-6FCF0A67E1E8}.Release|Any CPU.ActiveCfg = Release|Any CPU
		{994AA780-433A-4AE8-9573-6FCF0A67E1E8}.Release|Any CPU.Build.0 = Release|Any CPU
		{2B278DCC-9E90-463F-B2F8-42432F7BD16B}.Debug|Any CPU.ActiveCfg = Debug|Any CPU
		{2B278DCC-9E90-463F-B2F8-42432F7BD16B}.Debug|Any CPU.Build.0 = Debug|Any CPU
		{2B278DCC-9E90-463F-B2F8-42432F7BD16B}.Release|Any CPU.ActiveCfg = Release|Any CPU
		{2B278DCC-9E90-463F-B2F8-42432F7BD16B}.Release|Any CPU.Build.0 = Release|Any CPU
		{A46511BB-7072-4802-90E1-55C1342634B9}.Debug|Any CPU.ActiveCfg = Debug|Any CPU
		{A46511BB-7072-4802-90E1-55C1342634B9}.Debug|Any CPU.Build.0 = Debug|Any CPU
		{A46511BB-7072-4802-90E1-55C1342634B9}.Release|Any CPU.ActiveCfg = Release|Any CPU
		{A46511BB-7072-4802-90E1-55C1342634B9}.Release|Any CPU.Build.0 = Release|Any CPU
		{2609A3DD-B39B-420D-8046-69AC3F8169A2}.Debug|Any CPU.ActiveCfg = Debug|Any CPU
		{2609A3DD-B39B-420D-8046-69AC3F8169A2}.Debug|Any CPU.Build.0 = Debug|Any CPU
		{2609A3DD-B39B-420D-8046-69AC3F8169A2}.Release|Any CPU.ActiveCfg = Release|Any CPU
		{2609A3DD-B39B-420D-8046-69AC3F8169A2}.Release|Any CPU.Build.0 = Release|Any CPU
	EndGlobalSection
	GlobalSection(NestedProjects) = preSolution
	EndGlobalSection
EndGlobal
